Microsoft Visual Studio Solution File, Format Version 11.00
# Visual Studio 2008

Project("{07FCE5B6-8D64-46CC-962D-AE2A8BC4C867}") = "global game jam 2016", "Assembly-CSharp.csproj", "{9946E243-93AD-C20C-19D5-837EDEA39C0E}"
EndProject
Global
	GlobalSection(SolutionConfigurationPlatforms) = preSolution
		Debug|Any CPU = Debug|Any CPU
		Release|Any CPU = Release|Any CPU
	EndGlobalSection
	GlobalSection(ProjectConfigurationPlatforms) = postSolution
		{9946E243-93AD-C20C-19D5-837EDEA39C0E}.Debug|Any CPU.ActiveCfg = Debug|Any CPU
		{9946E243-93AD-C20C-19D5-837EDEA39C0E}.Debug|Any CPU.Build.0 = Debug|Any CPU
		{9946E243-93AD-C20C-19D5-837EDEA39C0E}.Release|Any CPU.ActiveCfg = Release|Any CPU
		{9946E243-93AD-C20C-19D5-837EDEA39C0E}.Release|Any CPU.Build.0 = Release|Any CPU
	EndGlobalSection
	GlobalSection(SolutionProperties) = preSolution
		HideSolutionNode = FALSE
	EndGlobalSection
	GlobalSection(MonoDevelopProperties) = preSolution
		StartupItem = Assembly-CSharp.csproj
	EndGlobalSection
EndGlobal
